Microsoft Visual Studio Solution File, Format Version 12.00
# Visual Studio Version 17
VisualStudioVersion = 17.5.2.0
MinimumVisualStudioVersion = 10.0.40219.1
Project("{FAE04EC0-301F-11D3-BF4B-00C04F79EFBC}") = "Cinemac.Api", "Cinemac.Api\Cinemac.Api.csproj", "{AC7DC61C-8093-74C6-2975-E590076B9BBF}"
EndProject
Global
	GlobalSection(SolutionConfigurationPlatforms) = preSolution
		Debug|Any CPU = Debug|Any CPU
		Release|Any CPU = Release|Any CPU
	EndGlobalSection
	GlobalSection(ProjectConfigurationPlatforms) = postSolution
		{AC7DC61C-8093-74C6-2975-E590076B9BBF}.Debug|Any CPU.ActiveCfg = Debug|Any CPU
		{AC7DC61C-8093-74C6-2975-E590076B9BBF}.Debug|Any CPU.Build.0 = Debug|Any CPU
		{AC7DC61C-8093-74C6-2975-E590076B9BBF}.Release|Any CPU.ActiveCfg = Release|Any CPU
		{AC7DC61C-8093-74C6-2975-E590076B9BBF}.Release|Any CPU.Build.0 = Release|Any CPU
	EndGlobalSection
	GlobalSection(SolutionProperties) = preSolution
		HideSolutionNode = FALSE
	EndGlobalSection
	GlobalSection(ExtensibilityGlobals) = postSolution
		SolutionGuid = {47F242E1-427E-471C-8492-08A967A5A05E}
	EndGlobalSection
EndGlobal
